
Microsoft Visual Studio Solution File, Format Version 12.00
# Visual Studio 14
VisualStudioVersion = 14.0.25420.1
MinimumVisualStudioVersion = 10.0.40219.1
Project("{FAE04EC0-301F-11D3-BF4B-00C04F79EFBC}") = "XiMPLib", "XiMPLib\XiMPLib.csproj", "{FA6B8CF5-4334-408C-BF7B-CF0B83F2F974}"
EndProject
Project("{FAE04EC0-301F-11D3-BF4B-00C04F79EFBC}") = "RPGate", "RPGate\RPGate.csproj", "{31BD4760-8326-412F-B33E-4C26572DF009}"
EndProject
Project("{FAE04EC0-301F-11D3-BF4B-00C04F79EFBC}") = "MiKIO", "MiKIO\MiKIO.csproj", "{BD5D2098-7CD8-41B6-B64A-2FA0F30EE9E1}"
EndProject
Project("{FAE04EC0-301F-11D3-BF4B-00C04F79EFBC}") = "PiConfig", "PiConfig\PiConfig.csproj", "{1957B47E-AE20-4FFC-80C7-80BFE684673B}"
EndProject
Project("{FAE04EC0-301F-11D3-BF4B-00C04F79EFBC}") = "WpfExcel", "WpfExcel\WpfExcel.csproj", "{AAE9838D-1662-4348-AF54-1B4149354AE0}"
EndProject
Project("{FAE04EC0-301F-11D3-BF4B-00C04F79EFBC}") = "PrintLayoutDesigner", "PrintLayoutDesigner\PrintLayoutDesigner.csproj", "{B4ED6C14-A4C0-4973-93C7-08D5AB94737C}"
EndProject
Project("{FAE04EC0-301F-11D3-BF4B-00C04F79EFBC}") = "TouchMonitor", "TouchMonitor\TouchMonitor.csproj", "{79011BB7-4C2D-424F-B2A7-2541975389BB}"
EndProject
Project("{54435603-DBB4-11D2-8724-00A0C9A8B90C}") = "Setup_MiKIO", "Setup_MiKIO\Setup_MiKIO.vdproj", "{C24A7BDE-886A-4B8C-8054-630C0E28E07A}"
EndProject
Project("{FAE04EC0-301F-11D3-BF4B-00C04F79EFBC}") = "SpringCardPCSC", "SpringCardPCSC\SpringCardPCSC.csproj", "{CE30EC6E-C60A-42C5-A200-FFE5B10AC2FC}"
EndProject
Project("{FAE04EC0-301F-11D3-BF4B-00C04F79EFBC}") = "BP868F Test", "BP868F Test\BP868F Test.csproj", "{98FE37CE-2A4E-49D6-BF55-E629257D977B}"
EndProject
Project("{54435603-DBB4-11D2-8724-00A0C9A8B90C}") = "Setup BP868F test", "Setup BP868F test\Setup BP868F test.vdproj", "{C5F9F2E5-EE31-4519-9CDC-0266121410FB}"
EndProject
Global
	GlobalSection(SolutionConfigurationPlatforms) = preSolution
		CD_ROM|Any CPU = CD_ROM|Any CPU
		Debug|Any CPU = Debug|Any CPU
		DVD-5|Any CPU = DVD-5|Any CPU
		Release|Any CPU = Release|Any CPU
		SingleImage|Any CPU = SingleImage|Any CPU
	EndGlobalSection
	GlobalSection(ProjectConfigurationPlatforms) = postSolution
		{FA6B8CF5-4334-408C-BF7B-CF0B83F2F974}.CD_ROM|Any CPU.ActiveCfg = Release|Any CPU
		{FA6B8CF5-4334-408C-BF7B-CF0B83F2F974}.CD_ROM|Any CPU.Build.0 = Release|Any CPU
		{FA6B8CF5-4334-408C-BF7B-CF0B83F2F974}.Debug|Any CPU.ActiveCfg = Debug|Any CPU
		{FA6B8CF5-4334-408C-BF7B-CF0B83F2F974}.Debug|Any CPU.Build.0 = Debug|Any CPU
		{FA6B8CF5-4334-408C-BF7B-CF0B83F2F974}.DVD-5|Any CPU.ActiveCfg = Debug|Any CPU
		{FA6B8CF5-4334-408C-BF7B-CF0B83F2F974}.DVD-5|Any CPU.Build.0 = Debug|Any CPU
		{FA6B8CF5-4334-408C-BF7B-CF0B83F2F974}.Release|Any CPU.ActiveCfg = Release|Any CPU
		{FA6B8CF5-4334-408C-BF7B-CF0B83F2F974}.Release|Any CPU.Build.0 = Release|Any CPU
		{FA6B8CF5-4334-408C-BF7B-CF0B83F2F974}.SingleImage|Any CPU.ActiveCfg = Release|Any CPU
		{FA6B8CF5-4334-408C-BF7B-CF0B83F2F974}.SingleImage|Any CPU.Build.0 = Release|Any CPU
		{31BD4760-8326-412F-B33E-4C26572DF009}.CD_ROM|Any CPU.ActiveCfg = Release|Any CPU
		{31BD4760-8326-412F-B33E-4C26572DF009}.CD_ROM|Any CPU.Build.0 = Release|Any CPU
		{31BD4760-8326-412F-B33E-4C26572DF009}.Debug|Any CPU.ActiveCfg = Debug|Any CPU
		{31BD4760-8326-412F-B33E-4C26572DF009}.Debug|Any CPU.Build.0 = Debug|Any CPU
		{31BD4760-8326-412F-B33E-4C26572DF009}.DVD-5|Any CPU.ActiveCfg = Debug|Any CPU
		{31BD4760-8326-412F-B33E-4C26572DF009}.DVD-5|Any CPU.Build.0 = Debug|Any CPU
		{31BD4760-8326-412F-B33E-4C26572DF009}.Release|Any CPU.ActiveCfg = Release|Any CPU
		{31BD4760-8326-412F-B33E-4C26572DF009}.Release|Any CPU.Build.0 = Release|Any CPU
		{31BD4760-8326-412F-B33E-4C26572DF009}.SingleImage|Any CPU.ActiveCfg = Release|Any CPU
		{31BD4760-8326-412F-B33E-4C26572DF009}.SingleImage|Any CPU.Build.0 = Release|Any CPU
		{BD5D2098-7CD8-41B6-B64A-2FA0F30EE9E1}.CD_ROM|Any CPU.ActiveCfg = Release|Any CPU
		{BD5D2098-7CD8-41B6-B64A-2FA0F30EE9E1}.CD_ROM|Any CPU.Build.0 = Release|Any CPU
		{BD5D2098-7CD8-41B6-B64A-2FA0F30EE9E1}.Debug|Any CPU.ActiveCfg = Debug|Any CPU
		{BD5D2098-7CD8-41B6-B64A-2FA0F30EE9E1}.Debug|Any CPU.Build.0 = Debug|Any CPU
		{BD5D2098-7CD8-41B6-B64A-2FA0F30EE9E1}.DVD-5|Any CPU.ActiveCfg = Debug|Any CPU
		{BD5D2098-7CD8-41B6-B64A-2FA0F30EE9E1}.DVD-5|Any CPU.Build.0 = Debug|Any CPU
		{BD5D2098-7CD8-41B6-B64A-2FA0F30EE9E1}.Release|Any CPU.ActiveCfg = Release|Any CPU
		{BD5D2098-7CD8-41B6-B64A-2FA0F30EE9E1}.Release|Any CPU.Build.0 = Release|Any CPU
		{BD5D2098-7CD8-41B6-B64A-2FA0F30EE9E1}.SingleImage|Any CPU.ActiveCfg = Release|Any CPU
		{BD5D2098-7CD8-41B6-B64A-2FA0F30EE9E1}.SingleImage|Any CPU.Build.0 = Release|Any CPU
		{1957B47E-AE20-4FFC-80C7-80BFE684673B}.CD_ROM|Any CPU.ActiveCfg = Release|Any CPU
		{1957B47E-AE20-4FFC-80C7-80BFE684673B}.CD_ROM|Any CPU.Build.0 = Release|Any CPU
		{1957B47E-AE20-4FFC-80C7-80BFE684673B}.Debug|Any CPU.ActiveCfg = Debug|Any CPU
		{1957B47E-AE20-4FFC-80C7-80BFE684673B}.Debug|Any CPU.Build.0 = Debug|Any CPU
		{1957B47E-AE20-4FFC-80C7-80BFE684673B}.DVD-5|Any CPU.ActiveCfg = Debug|Any CPU
		{1957B47E-AE20-4FFC-80C7-80BFE684673B}.DVD-5|Any CPU.Build.0 = Debug|Any CPU
		{1957B47E-AE20-4FFC-80C7-80BFE684673B}.Release|Any CPU.ActiveCfg = Release|Any CPU
		{1957B47E-AE20-4FFC-80C7-80BFE684673B}.Release|Any CPU.Build.0 = Release|Any CPU
		{1957B47E-AE20-4FFC-80C7-80BFE684673B}.SingleImage|Any CPU.ActiveCfg = Release|Any CPU
		{1957B47E-AE20-4FFC-80C7-80BFE684673B}.SingleImage|Any CPU.Build.0 = Release|Any CPU
		{AAE9838D-1662-4348-AF54-1B4149354AE0}.CD_ROM|Any CPU.ActiveCfg = Release|Any CPU
		{AAE9838D-1662-4348-AF54-1B4149354AE0}.CD_ROM|Any CPU.Build.0 = Release|Any CPU
		{AAE9838D-1662-4348-AF54-1B4149354AE0}.Debug|Any CPU.ActiveCfg = Debug|Any CPU
		{AAE9838D-1662-4348-AF54-1B4149354AE0}.Debug|Any CPU.Build.0 = Debug|Any CPU
		{AAE9838D-1662-4348-AF54-1B4149354AE0}.DVD-5|Any CPU.ActiveCfg = Debug|Any CPU
		{AAE9838D-1662-4348-AF54-1B4149354AE0}.DVD-5|Any CPU.Build.0 = Debug|Any CPU
		{AAE9838D-1662-4348-AF54-1B4149354AE0}.Release|Any CPU.ActiveCfg = Release|Any CPU
		{AAE9838D-1662-4348-AF54-1B4149354AE0}.Release|Any CPU.Build.0 = Release|Any CPU
		{AAE9838D-1662-4348-AF54-1B4149354AE0}.SingleImage|Any CPU.ActiveCfg = Release|Any CPU
		{AAE9838D-1662-4348-AF54-1B4149354AE0}.SingleImage|Any CPU.Build.0 = Release|Any CPU
		{B4ED6C14-A4C0-4973-93C7-08D5AB94737C}.CD_ROM|Any CPU.ActiveCfg = Release|Any CPU
		{B4ED6C14-A4C0-4973-93C7-08D5AB94737C}.CD_ROM|Any CPU.Build.0 = Release|Any CPU
		{B4ED6C14-A4C0-4973-93C7-08D5AB94737C}.Debug|Any CPU.ActiveCfg = Debug|Any CPU
		{B4ED6C14-A4C0-4973-93C7-08D5AB94737C}.Debug|Any CPU.Build.0 = Debug|Any CPU
		{B4ED6C14-A4C0-4973-93C7-08D5AB94737C}.DVD-5|Any CPU.ActiveCfg = Debug|Any CPU
		{B4ED6C14-A4C0-4973-93C7-08D5AB94737C}.DVD-5|Any CPU.Build.0 = Debug|Any CPU
		{B4ED6C14-A4C0-4973-93C7-08D5AB94737C}.Release|Any CPU.ActiveCfg = Release|Any CPU
		{B4ED6C14-A4C0-4973-93C7-08D5AB94737C}.Release|Any CPU.Build.0 = Release|Any CPU
		{B4ED6C14-A4C0-4973-93C7-08D5AB94737C}.SingleImage|Any CPU.ActiveCfg = Release|Any CPU
		{B4ED6C14-A4C0-4973-93C7-08D5AB94737C}.SingleImage|Any CPU.Build.0 = Release|Any CPU
		{79011BB7-4C2D-424F-B2A7-2541975389BB}.CD_ROM|Any CPU.ActiveCfg = Release|Any CPU
		{79011BB7-4C2D-424F-B2A7-2541975389BB}.CD_ROM|Any CPU.Build.0 = Release|Any CPU
		{79011BB7-4C2D-424F-B2A7-2541975389BB}.Debug|Any CPU.ActiveCfg = Debug|Any CPU
		{79011BB7-4C2D-424F-B2A7-2541975389BB}.Debug|Any CPU.Build.0 = Debug|Any CPU
		{79011BB7-4C2D-424F-B2A7-2541975389BB}.DVD-5|Any CPU.ActiveCfg = Debug|Any CPU
		{79011BB7-4C2D-424F-B2A7-2541975389BB}.DVD-5|Any CPU.Build.0 = Debug|Any CPU
		{79011BB7-4C2D-424F-B2A7-2541975389BB}.Release|Any CPU.ActiveCfg = Release|Any CPU
		{79011BB7-4C2D-424F-B2A7-2541975389BB}.Release|Any CPU.Build.0 = Release|Any CPU
		{79011BB7-4C2D-424F-B2A7-2541975389BB}.SingleImage|Any CPU.ActiveCfg = Release|Any CPU
		{79011BB7-4C2D-424F-B2A7-2541975389BB}.SingleImage|Any CPU.Build.0 = Release|Any CPU
		{C24A7BDE-886A-4B8C-8054-630C0E28E07A}.CD_ROM|Any CPU.ActiveCfg = Release
		{C24A7BDE-886A-4B8C-8054-630C0E28E07A}.Debug|Any CPU.ActiveCfg = Debug
		{C24A7BDE-886A-4B8C-8054-630C0E28E07A}.DVD-5|Any CPU.ActiveCfg = Debug
		{C24A7BDE-886A-4B8C-8054-630C0E28E07A}.Release|Any CPU.ActiveCfg = Release
		{C24A7BDE-886A-4B8C-8054-630C0E28E07A}.SingleImage|Any CPU.ActiveCfg = Release
		{CE30EC6E-C60A-42C5-A200-FFE5B10AC2FC}.CD_ROM|Any CPU.ActiveCfg = Release|Any CPU
		{CE30EC6E-C60A-42C5-A200-FFE5B10AC2FC}.CD_ROM|Any CPU.Build.0 = Release|Any CPU
		{CE30EC6E-C60A-42C5-A200-FFE5B10AC2FC}.Debug|Any CPU.ActiveCfg = Debug|Any CPU
		{CE30EC6E-C60A-42C5-A200-FFE5B10AC2FC}.Debug|Any CPU.Build.0 = Debug|Any CPU
		{CE30EC6E-C60A-42C5-A200-FFE5B10AC2FC}.DVD-5|Any CPU.ActiveCfg = Debug|Any CPU
		{CE30EC6E-C60A-42C5-A200-FFE5B10AC2FC}.DVD-5|Any CPU.Build.0 = Debug|Any CPU
		{CE30EC6E-C60A-42C5-A200-FFE5B10AC2FC}.Release|Any CPU.ActiveCfg = Release|Any CPU
		{CE30EC6E-C60A-42C5-A200-FFE5B10AC2FC}.Release|Any CPU.Build.0 = Release|Any CPU
		{CE30EC6E-C60A-42C5-A200-FFE5B10AC2FC}.SingleImage|Any CPU.ActiveCfg = Release|Any CPU
		{CE30EC6E-C60A-42C5-A200-FFE5B10AC2FC}.SingleImage|Any CPU.Build.0 = Release|Any CPU
		{98FE37CE-2A4E-49D6-BF55-E629257D977B}.CD_ROM|Any CPU.ActiveCfg = Release|Any CPU
		{98FE37CE-2A4E-49D6-BF55-E629257D977B}.CD_ROM|Any CPU.Build.0 = Release|Any CPU
		{98FE37CE-2A4E-49D6-BF55-E629257D977B}.Debug|Any CPU.ActiveCfg = Debug|Any CPU
		{98FE37CE-2A4E-49D6-BF55-E629257D977B}.Debug|Any CPU.Build.0 = Debug|Any CPU
		{98FE37CE-2A4E-49D6-BF55-E629257D977B}.DVD-5|Any CPU.ActiveCfg = Debug|Any CPU
		{98FE37CE-2A4E-49D6-BF55-E629257D977B}.DVD-5|Any CPU.Build.0 = Debug|Any CPU
		{98FE37CE-2A4E-49D6-BF55-E629257D977B}.Release|Any CPU.ActiveCfg = Release|Any CPU
		{98FE37CE-2A4E-49D6-BF55-E629257D977B}.Release|Any CPU.Build.0 = Release|Any CPU
		{98FE37CE-2A4E-49D6-BF55-E629257D977B}.SingleImage|Any CPU.ActiveCfg = Release|Any CPU
		{98FE37CE-2A4E-49D6-BF55-E629257D977B}.SingleImage|Any CPU.Build.0 = Release|Any CPU
		{C5F9F2E5-EE31-4519-9CDC-0266121410FB}.CD_ROM|Any CPU.ActiveCfg = Release
		{C5F9F2E5-EE31-4519-9CDC-0266121410FB}.Debug|Any CPU.ActiveCfg = Debug
		{C5F9F2E5-EE31-4519-9CDC-0266121410FB}.DVD-5|Any CPU.ActiveCfg = Debug
		{C5F9F2E5-EE31-4519-9CDC-0266121410FB}.Release|Any CPU.ActiveCfg = Release
		{C5F9F2E5-EE31-4519-9CDC-0266121410FB}.SingleImage|Any CPU.ActiveCfg = Release
	EndGlobalSection
	GlobalSection(SolutionProperties) = preSolution
		HideSolutionNode = FALSE
	EndGlobalSection
EndGlobal
